
Microsoft Visual Studio Solution File, Format Version 12.00
# Visual Studio Version 17
VisualStudioVersion = 17.1.32210.238
MinimumVisualStudioVersion = 10.0.40219.1
Project("{FAE04EC0-301F-11D3-BF4B-00C04F79EFBC}") = "Provinceadvisor", "Provinceadvisor\Provinceadvisor.csproj", "{2845B322-3EA9-4FF4-8EEA-F7C6C983A3A8}"
EndProject
Global
	GlobalSection(SolutionConfigurationPlatforms) = preSolution
		Debug|Any CPU = Debug|Any CPU
		Release|Any CPU = Release|Any CPU
	EndGlobalSection
	GlobalSection(ProjectConfigurationPlatforms) = postSolution
		{2845B322-3EA9-4FF4-8EEA-F7C6C983A3A8}.Debug|Any CPU.ActiveCfg = Debug|Any CPU
		{2845B322-3EA9-4FF4-8EEA-F7C6C983A3A8}.Debug|Any CPU.Build.0 = Debug|Any CPU
		{2845B322-3EA9-4FF4-8EEA-F7C6C983A3A8}.Release|Any CPU.ActiveCfg = Release|Any CPU
		{2845B322-3EA9-4FF4-8EEA-F7C6C983A3A8}.Release|Any CPU.Build.0 = Release|Any CPU
	EndGlobalSection
	GlobalSection(SolutionProperties) = preSolution
		HideSolutionNode = FALSE
	EndGlobalSection
	GlobalSection(ExtensibilityGlobals) = postSolution
		SolutionGuid = {D15CA21C-D2E4-4734-B045-FAEB5D9CC467}
	EndGlobalSection
EndGlobal
